
Microsoft Visual Studio Solution File, Format Version 12.00
# Visual Studio Version 17
VisualStudioVersion = 17.4.33403.182
MinimumVisualStudioVersion = 10.0.40219.1
Project("{FAE04EC0-301F-11D3-BF4B-00C04F79EFBC}") = "Task 2", "Task 2.csproj", "{22F65E09-63D4-4DA1-BC52-DF2FDAAF01DE}"
EndProject
Global
	GlobalSection(SolutionConfigurationPlatforms) = preSolution
		Debug|Any CPU = Debug|Any CPU
		Release|Any CPU = Release|Any CPU
	EndGlobalSection
	GlobalSection(ProjectConfigurationPlatforms) = postSolution
		{22F65E09-63D4-4DA1-BC52-DF2FDAAF01DE}.Debug|Any CPU.ActiveCfg = Debug|Any CPU
		{22F65E09-63D4-4DA1-BC52-DF2FDAAF01DE}.Debug|Any CPU.Build.0 = Debug|Any CPU
		{22F65E09-63D4-4DA1-BC52-DF2FDAAF01DE}.Release|Any CPU.ActiveCfg = Release|Any CPU
		{22F65E09-63D4-4DA1-BC52-DF2FDAAF01DE}.Release|Any CPU.Build.0 = Release|Any CPU
	EndGlobalSection
	GlobalSection(SolutionProperties) = preSolution
		HideSolutionNode = FALSE
	EndGlobalSection
	GlobalSection(ExtensibilityGlobals) = postSolution
		SolutionGuid = {6F1C0F65-6E08-42F3-B4BF-B8AA45CB0EDB}
	EndGlobalSection
EndGlobal
